%{
  "supertester": {:hex, :supertester, "0.3.1", "976dcb3f32daabb03f781327dc7a52ef5f9f16c8c291b873d0491ab8b5a25ebf", [:mix], [{:stream_data, "~> 1.0", [hex: :stream_data, repo: "hexpm", optional: true]}, {:telemetry, "~> 1.0", [hex: :telemetry, repo: "hexpm", optional: false]}], "hexpm", "d17bea6fca1eacbea3b9c18e75d988856fa0c93709737d888e62f4229e1a7b63"},
  "telemetry": {:hex, :telemetry, "1.3.0", "fedebbae410d715cf8e7062c96a1ef32ec22e764197f70cda73d82778d61e7a2", [:rebar3], [], "hexpm", "7015fc8919dbe63764f4b4b87a95b7c0996bd539e0d499be6ec9d7f3875b79e6"},
}
